
Microsoft Visual Studio Solution File, Format Version 12.00
# Visual Studio Version 17
VisualStudioVersion = 17.2.32616.157
MinimumVisualStudioVersion = 10.0.40219.1
Project("{FAE04EC0-301F-11D3-BF4B-00C04F79EFBC}") = "RSS ile Haber Başlıkları Çekme", "RSS ile Haber Başlıkları Çekme\RSS ile Haber Başlıkları Çekme.csproj", "{BC178287-5CBF-4AEF-AB61-A0B499061B55}"
EndProject
Global
	GlobalSection(SolutionConfigurationPlatforms) = preSolution
		Debug|Any CPU = Debug|Any CPU
		Release|Any CPU = Release|Any CPU
	EndGlobalSection
	GlobalSection(ProjectConfigurationPlatforms) = postSolution
		{BC178287-5CBF-4AEF-AB61-A0B499061B55}.Debug|Any CPU.ActiveCfg = Debug|Any CPU
		{BC178287-5CBF-4AEF-AB61-A0B499061B55}.Debug|Any CPU.Build.0 = Debug|Any CPU
		{BC178287-5CBF-4AEF-AB61-A0B499061B55}.Release|Any CPU.ActiveCfg = Release|Any CPU
		{BC178287-5CBF-4AEF-AB61-A0B499061B55}.Release|Any CPU.Build.0 = Release|Any CPU
	EndGlobalSection
	GlobalSection(SolutionProperties) = preSolution
		HideSolutionNode = FALSE
	EndGlobalSection
	GlobalSection(ExtensibilityGlobals) = postSolution
		SolutionGuid = {5C0A7989-D54B-4021-8915-DDA6A4618BBF}
	EndGlobalSection
EndGlobal
